%{
  "delta_crdt": {:hex, :delta_crdt, "0.6.5", "c7bb8c2c7e60f59e46557ab4e0224f67ba22f04c02826e273738f3dcc4767adc", [:mix], [{:merkle_map, "~> 0.2.0", [hex: :merkle_map, repo: "hexpm", optional: false]}, {:telemetry, "~> 0.4 or ~> 1.0", [hex: :telemetry, repo: "hexpm", optional: false]}], "hexpm", "c6ae23a525d30f96494186dd11bf19ed9ae21d9fe2c1f1b217d492a7cc7294ae"},
  "horde": {:hex, :horde, "0.10.0", "31c6a633057c3ec4e73064d7b11ba409c9f3c518aa185377d76bee441b76ceb0", [:mix], [{:delta_crdt, "~> 0.6.2", [hex: :delta_crdt, repo: "hexpm", optional: false]}, {:libring, "~> 1.7", [hex: :libring, repo: "hexpm", optional: false]}, {:telemetry, "~> 0.4.0 or ~> 1.0", [hex: :telemetry, repo: "hexpm", optional: false]}, {:telemetry_poller, "~> 0.5.0 or ~> 1.0", [hex: :telemetry_poller, repo: "hexpm", optional: false]}], "hexpm", "0b51c435cb698cac9bf9c17391dce3ebb1376ae6154c81f077fc61db771b9432"},
  "jason": {:hex, :jason, "1.4.4", "b9226785a9aa77b6857ca22832cffa5d5011a667207eb2a0ad56adb5db443b8a", [:mix], [{:decimal, "~> 1.0 or ~> 2.0", [hex: :decimal, repo: "hexpm", optional: true]}], "hexpm", "c5eb0cab91f094599f94d55bc63409236a8ec69a21a67814529e8d5f6cc90b3b"},
  "libcluster": {:hex, :libcluster, "3.5.0", "5ee4cfde4bdf32b2fef271e33ce3241e89509f4344f6c6a8d4069937484866ba", [:mix], [{:jason, "~> 1.1", [hex: :jason, repo: "hexpm", optional: false]}, {:telemetry, "~> 1.3", [hex: :telemetry, repo: "hexpm", optional: false]}], "hexpm", "ebf6561fcedd765a4cd43b4b8c04b1c87f4177b5fb3cbdfe40a780499d72f743"},
  "libring": {:hex, :libring, "1.7.0", "4f245d2f1476cd7ed8f03740f6431acba815401e40299208c7f5c640e1883bda", [:mix], [], "hexpm", "070e3593cb572e04f2c8470dd0c119bc1817a7a0a7f88229f43cf0345268ec42"},
  "merkle_map": {:hex, :merkle_map, "0.2.2", "f36ff730cca1f2658e317a3c73406f50bbf5ac8aff54cf837d7ca2069a6e251c", [:mix], [], "hexpm", "383107f0503f230ac9175e0631647c424efd027e89ea65ab5ea12eeb54257aaf"},
  "nimble_options": {:hex, :nimble_options, "1.1.1", "e3a492d54d85fc3fd7c5baf411d9d2852922f66e69476317787a7b2bb000a61b", [:mix], [], "hexpm", "821b2470ca9442c4b6984882fe9bb0389371b8ddec4d45a9504f00a66f650b44"},
  "owl": {:hex, :owl, "0.13.0", "26010e066d5992774268f3163506972ddac0a7e77bfe57fa42a250f24d6b876e", [:mix], [{:ucwidth, "~> 0.2", [hex: :ucwidth, repo: "hexpm", optional: true]}], "hexpm", "59bf9d11ce37a4db98f57cb68fbfd61593bf419ec4ed302852b6683d3d2f7475"},
  "redix": {:hex, :redix, "1.5.3", "4eaae29c75e3285c0ff9957046b7c209aa7f72a023a17f0a9ea51c2a50ab5b0f", [:mix], [{:castore, "~> 0.1.0 or ~> 1.0", [hex: :castore, repo: "hexpm", optional: true]}, {:nimble_options, "~> 0.5.0 or ~> 1.0", [hex: :nimble_options, repo: "hexpm", optional: false]}, {:telemetry, "~> 0.4.0 or ~> 1.0", [hex: :telemetry, repo: "hexpm", optional: false]}], "hexpm", "7b06fb5246373af41f5826b03334dfa3f636347d4d5d98b4d455b699d425ae7e"},
  "telemetry": {:hex, :telemetry, "1.4.1", "ab6de178e2b29b58e8256b92b382ea3f590a47152ca3651ea857a6cae05ac423", [:rebar3], [], "hexpm", "2172e05a27531d3d31dd9782841065c50dd5c3c7699d95266b2edd54c2dafa1c"},
  "telemetry_poller": {:hex, :telemetry_poller, "1.3.0", "d5c46420126b5ac2d72bc6580fb4f537d35e851cc0f8dbd571acf6d6e10f5ec7", [:rebar3], [{:telemetry, "~> 1.0", [hex: :telemetry, repo: "hexpm", optional: false]}], "hexpm", "51f18bed7128544a50f75897db9974436ea9bfba560420b646af27a9a9b35211"},
}
